// !$*UTF8*$!
{
	archiveVersion = 1;
	classes = {
	};
	objectVersion = 50;
	objects = {

/* Begin PBXBuildFile section */
		A077778C21A0ADE600FFB898 /* AppDelegate.swift in Sources */ = {isa = PBXBuildFile; fileRef = A077778B21A0ADE600FFB898 /* AppDelegate.swift */; };
		A077778E21A0ADE600FFB898 /* ViewController.swift in Sources */ = {isa = PBXBuildFile; fileRef = A077778D21A0ADE600FFB898 /* ViewController.swift */; };
		A077779121A0ADE600FFB898 /* Main.storyboard in Resources */ = {isa = PBXBuildFile; fileRef = A077778F21A0ADE600FFB898 /* Main.storyboard */; };
		A077779321A0ADE700FFB898 /* Assets.xcassets in Resources */ = {isa = PBXBuildFile; fileRef = A077779221A0ADE700FFB898 /* Assets.xcassets */; };
		A077779621A0ADE700FFB898 /* LaunchScreen.storyboard in Resources */ = {isa = PBXBuildFile; fileRef = A077779421A0ADE700FFB898 /* LaunchScreen.storyboard */; };
		A077779E21A0ADFF00FFB898 /* APIHelper.swift in Sources */ = {isa = PBXBuildFile; fileRef = A077779D21A0ADFF00FFB898 /* APIHelper.swift */; };
/* End PBXBuildFile section */

/* Begin PBXFileReference section */
		A077778821A0ADE600FFB898 /* parking-test-http.app */ = {isa = PBXFileReference; explicitFileType = wrapper.application; includeInIndex = 0; path = "parking-test-http.app"; sourceTree = BUILT_PRODUCTS_DIR; };
		A077778B21A0ADE600FFB898 /* AppDelegate.swift */ = {isa = PBXFileReference; lastKnownFileType = sourcecode.swift; path = AppDelegate.swift; sourceTree = "<group>"; };
		A077778D21A0ADE600FFB898 /* ViewController.swift */ = {isa = PBXFileReference; lastKnownFileType = sourcecode.swift; path = ViewController.swift; sourceTree = "<group>"; };
		A077779021A0ADE600FFB898 /* Base */ = {isa = PBXFileReference; lastKnownFileType = file.storyboard; name = Base; path = Base.lproj/Main.storyboard; sourceTree = "<group>"; };
		A077779221A0ADE700FFB898 /* Assets.xcassets */ = {isa = PBXFileReference; lastKnownFileType = folder.assetcatalog; path = Assets.xcassets; sourceTree = "<group>"; };
		A077779521A0ADE700FFB898 /* Base */ = {isa = PBXFileReference; lastKnownFileType = file.storyboard; name = Base; path = Base.lproj/LaunchScreen.storyboard; sourceTree = "<group>"; };
		A077779721A0ADE700FFB898 /* Info.plist */ = {isa = PBXFileReference; lastKnownFileType = text.plist.xml; path = Info.plist; sourceTree = "<group>"; };
		A077779D21A0ADFF00FFB898 /* APIHelper.swift */ = {isa = PBXFileReference; lastKnownFileType = sourcecode.swift; path = APIHelper.swift; sourceTree = "<group>"; };
/* End PBXFileReference section */

/* Begin PBXFrameworksBuildPhase section */
		A077778521A0ADE600FFB898 /* Frameworks */ = {
			isa = PBXFrameworksBuildPhase;
			buildActionMask = 2147483647;
			files = (
			);
			runOnlyForDeploymentPostprocessing = 0;
		};
/* End PBXFrameworksBuildPhase section */

/* Begin PBXGroup section */
		A077777F21A0ADE600FFB898 = {
			isa = PBXGroup;
			children = (
				A077778A21A0ADE600FFB898 /* parking-test-http */,
				A077778921A0ADE600FFB898 /* Products */,
			);
			sourceTree = "<group>";
		};
		A077778921A0ADE600FFB898 /* Products */ = {
			isa = PBXGroup;
			children = (
				A077778821A0ADE600FFB898 /* parking-test-http.app */,
			);
			name = Products;
			sourceTree = "<group>";
		};
		A077778A21A0ADE600FFB898 /* parking-test-http */ = {
			isa = PBXGroup;
			children = (
				A077778B21A0ADE600FFB898 /* AppDelegate.swift */,
				A077778D21A0ADE600FFB898 /* ViewController.swift */,
				A077778F21A0ADE600FFB898 /* Main.storyboard */,
				A077779221A0ADE700FFB898 /* Assets.xcassets */,
				A077779421A0ADE700FFB898 /* LaunchScreen.storyboard */,
				A077779721A0ADE700FFB898 /* Info.plist */,
				A077779D21A0ADFF00FFB898 /* APIHelper.swift */,
			);
			path = "parking-test-http";
			sourceTree = "<group>";
		};
/* End PBXGroup section */

/* Begin PBXNativeTarget section */
		A077778721A0ADE600FFB898 /* parking-test-http */ = {
			isa = PBXNativeTarget;
			buildConfigurationList = A077779A21A0ADE700FFB898 /* Build configuration list for PBXNativeTarget "parking-test-http" */;
			buildPhases = (
				A077778421A0ADE600FFB898 /* Sources */,
				A077778521A0ADE600FFB898 /* Frameworks */,
				A077778621A0ADE600FFB898 /* Resources */,
			);
			buildRules = (
			);
			dependencies = (
			);
			name = "parking-test-http";
			productName = "parking-test-http";
			productReference = A077778821A0ADE600FFB898 /* parking-test-http.app */;
			productType = "com.apple.product-type.application";
		};
/* End PBXNativeTarget section */

/* Begin PBXProject section */
		A077778021A0ADE600FFB898 /* Project object */ = {
			isa = PBXProject;
			attributes = {
				LastSwiftUpdateCheck = 0940;
				LastUpgradeCheck = 0940;
				ORGANIZATIONNAME = "Ertheo Siswadi";
				TargetAttributes = {
					A077778721A0ADE600FFB898 = {
						CreatedOnToolsVersion = 9.4.1;
					};
				};
			};
			buildConfigurationList = A077778321A0ADE600FFB898 /* Build configuration list for PBXProject "parking-test-http" */;
			compatibilityVersion = "Xcode 9.3";
			developmentRegion = en;
			hasScannedForEncodings = 0;
			knownRegions = (
				en,
				Base,
			);
			mainGroup = A077777F21A0ADE600FFB898;
			productRefGroup = A077778921A0ADE600FFB898 /* Products */;
			projectDirPath = "";
			projectRoot = "";
			targets = (
				A077778721A0ADE600FFB898 /* parking-test-http */,
			);
		};
/* End PBXProject section */

/* Begin PBXResourcesBuildPhase section */
		A077778621A0ADE600FFB898 /* Resources */ = {
			isa = PBXResourcesBuildPhase;
			buildActionMask = 2147483647;
			files = (
				A077779621A0ADE700FFB898 /* LaunchScreen.storyboard in Resources */,
				A077779321A0ADE700FFB898 /* Assets.xcassets in Resources */,
				A077779121A0ADE600FFB898 /* Main.storyboard in Resources */,
			);
			runOnlyForDeploymentPostprocessing = 0;
		};
/* End PBXResourcesBuildPhase section */

/* Begin PBXSourcesBuildPhase section */
		A077778421A0ADE600FFB898 /* Sources */ = {
			isa = PBXSourcesBuildPhase;
			buildActionMask = 2147483647;
			files = (
				A077779E21A0ADFF00FFB898 /* APIHelper.swift in Sources */,
				A077778E21A0ADE600FFB898 /* ViewController.swift in Sources */,
				A077778C21A0ADE600FFB898 /* AppDelegate.swift in Sources */,
			);
			runOnlyForDeploymentPostprocessing = 0;
		};
/* End PBXSourcesBuildPhase section */

/* Begin PBXVariantGroup section */
		A077778F21A0ADE600FFB898 /* Main.storyboard */ = {
			isa = PBXVariantGroup;
			children = (
				A077779021A0ADE600FFB898 /* Base */,
			);
			name = Main.storyboard;
			sourceTree = "<group>";
		};
		A077779421A0ADE700FFB898 /* LaunchScreen.storyboard */ = {
			isa = PBXVariantGroup;
			children = (
				A077779521A0ADE700FFB898 /* Base */,
			);
			name = LaunchScreen.storyboard;
			sourceTree = "<group>";
		};
/* End PBXVariantGroup section */

/* Begin XCBuildConfiguration section */
		A077779821A0ADE700FFB898 /* Debug */ = {
			isa = XCBuildConfiguration;
			buildSettings = {
				ALWAYS_SEARCH_USER_PATHS = NO;
				CLANG_ANALYZER_NONNULL = YES;
				CLANG_ANALYZER_NUMBER_OBJECT_CONVERSION = YES_AGGRESSIVE;
				CLANG_CXX_LANGUAGE_STANDARD = "gnu++14";
				CLANG_CXX_LIBRARY = "libc++";
				CLANG_ENABLE_MODULES = YES;
				CLANG_ENABLE_OBJC_ARC = YES;
				CLANG_ENABLE_OBJC_WEAK = YES;
				CLANG_WARN_BLOCK_CAPTURE_AUTORELEASING = YES;
				CLANG_WARN_BOOL_CONVERSION = YES;
				CLANG_WARN_COMMA = YES;
				CLANG_WARN_CONSTANT_CONVERSION = YES;
				CLANG_WARN_DEPRECATED_OBJC_IMPLEMENTATIONS = YES;
				CLANG_WARN_DIRECT_OBJC_ISA_USAGE = YES_ERROR;
				CLANG_WARN_DOCUMENTATION_COMMENTS = YES;
				CLANG_WARN_EMPTY_BODY = YES;
				CLANG_WARN_ENUM_CONVERSION = YES;
				CLANG_WARN_INFINITE_RECURSION = YES;
				CLANG_WARN_INT_CONVERSION = YES;
				CLANG_WARN_NON_LITERAL_NULL_CONVERSION = YES;
				CLANG_WARN_OBJC_IMPLICIT_RETAIN_SELF = YES;
				CLANG_WARN_OBJC_LITERAL_CONVERSION = YES;
				CLANG_WARN_OBJC_ROOT_CLASS = YES_ERROR;
				CLANG_WARN_RANGE_LOOP_ANALYSIS = YES;
				CLANG_WARN_STRICT_PROTOTYPES = YES;
				CLANG_WARN_SUSPICIOUS_MOVE = YES;
				CLANG_WARN_UNGUARDED_AVAILABILITY = YES_AGGRESSIVE;
				CLANG_WARN_UNREACHABLE_CODE = YES;
				CLANG_WARN__DUPLICATE_METHOD_MATCH = YES;
				CODE_SIGN_IDENTITY = "iPhone Developer";
				COPY_PHASE_STRIP = NO;
				DEBUG_INFORMATION_FORMAT = dwarf;
				ENABLE_STRICT_OBJC_MSGSEND = YES;
				ENABLE_TESTABILITY = YES;
				GCC_C_LANGUAGE_STANDARD = gnu11;
				GCC_DYNAMIC_NO_PIC = NO;
				GCC_NO_COMMON_BLOCKS = YES;
				GCC_OPTIMIZATION_LEVEL = 0;
				GCC_PREPROCESSOR_DEFINITIONS = (
					"DEBUG=1",
					"$(inherited)",
				);
				GCC_WARN_64_TO_32_BIT_CONVERSION = YES;
				GCC_WARN_ABOUT_RETURN_TYPE = YES_ERROR;
				GCC_WARN_UNDECLARED_SELECTOR = YES;
				GCC_WARN_UNINITIALIZED_AUTOS = YES_AGGRESSIVE;
				GCC_WARN_UNUSED_FUNCTION = YES;
				GCC_WARN_UNUSED_VARIABLE = YES;
				IPHONEOS_DEPLOYMENT_TARGET = 11.4;
				MTL_ENABLE_DEBUG_INFO = YES;
				ONLY_ACTIVE_ARCH = YES;
				SDKROOT = iphoneos;
				SWIFT_ACTIVE_COMPILATION_CONDITIONS = DEBUG;
				SWIFT_OPTIMIZATION_LEVEL = "-Onone";
			};
			name = Debug;
		};
		A077779921A0ADE700FFB898 /* Release */ = {
			isa = XCBuildConfiguration;
			buildSettings = {
				ALWAYS_SEARCH_USER_PATHS = NO;
				CLANG_ANALYZER_NONNULL = YES;
				CLANG_ANALYZER_NUMBER_OBJECT_CONVERSION = YES_AGGRESSIVE;
				CLANG_CXX_LANGUAGE_STANDARD = "gnu++14";
				CLANG_CXX_LIBRARY = "libc++";
				CLANG_ENABLE_MODULES = YES;
				CLANG_ENABLE_OBJC_ARC = YES;
				CLANG_ENABLE_OBJC_WEAK = YES;
				CLANG_WARN_BLOCK_CAPTURE_AUTORELEASING = YES;
				CLANG_WARN_BOOL_CONVERSION = YES;
				CLANG_WARN_COMMA = YES;
				CLANG_WARN_CONSTANT_CONVERSION = YES;
				CLANG_WARN_DEPRECATED_OBJC_IMPLEMENTATIONS = YES;
				CLANG_WARN_DIRECT_OBJC_ISA_USAGE = YES_ERROR;
				CLANG_WARN_DOCUMENTATION_COMMENTS = YES;
				CLANG_WARN_EMPTY_BODY = YES;
				CLANG_WARN_ENUM_CONVERSION = YES;
				CLANG_WARN_INFINITE_RECURSION = YES;
				CLANG_WARN_INT_CONVERSION = YES;
				CLANG_WARN_NON_LITERAL_NULL_CONVERSION = YES;
				CLANG_WARN_OBJC_IMPLICIT_RETAIN_SELF = YES;
				CLANG_WARN_OBJC_LITERAL_CONVERSION = YES;
				CLANG_WARN_OBJC_ROOT_CLASS = YES_ERROR;
				CLANG_WARN_RANGE_LOOP_ANALYSIS = YES;
				CLANG_WARN_STRICT_PROTOTYPES = YES;
				CLANG_WARN_SUSPICIOUS_MOVE = YES;
				CLANG_WARN_UNGUARDED_AVAILABILITY = YES_AGGRESSIVE;
				CLANG_WARN_UNREACHABLE_CODE = YES;
				CLANG_WARN__DUPLICATE_METHOD_MATCH = YES;
				CODE_SIGN_IDENTITY = "iPhone Developer";
				COPY_PHASE_STRIP = NO;
				DEBUG_INFORMATION_FORMAT = "dwarf-with-dsym";
				ENABLE_NS_ASSERTIONS = NO;
				ENABLE_STRICT_OBJC_MSGSEND = YES;
				GCC_C_LANGUAGE_STANDARD = gnu11;
				GCC_NO_COMMON_BLOCKS = YES;
				GCC_WARN_64_TO_32_BIT_CONVERSION = YES;
				GCC_WARN_ABOUT_RETURN_TYPE = YES_ERROR;
				GCC_WARN_UNDECLARED_SELECTOR = YES;
				GCC_WARN_UNINITIALIZED_AUTOS = YES_AGGRESSIVE;
				GCC_WARN_UNUSED_FUNCTION = YES;
				GCC_WARN_UNUSED_VARIABLE = YES;
				IPHONEOS_DEPLOYMENT_TARGET = 11.4;
				MTL_ENABLE_DEBUG_INFO = NO;
				SDKROOT = iphoneos;
				SWIFT_COMPILATION_MODE = wholemodule;
				SWIFT_OPTIMIZATION_LEVEL = "-O";
				VALIDATE_PRODUCT = YES;
			};
			name = Release;
		};
		A077779B21A0ADE700FFB898 /* Debug */ = {
			isa = XCBuildConfiguration;
			buildSettings = {
				ASSETCATALOG_COMPILER_APPICON_NAME = AppIcon;
				CODE_SIGN_STYLE = Automatic;
				DEVELOPMENT_TEAM = FZZ43897VS;
				INFOPLIST_FILE = "parking-test-http/Info.plist";
				LD_RUNPATH_SEARCH_PATHS = (
					"$(inherited)",
					"@executable_path/Frameworks",
				);
				PRODUCT_BUNDLE_IDENTIFIER = "com.siswadi.parking-test-http";
				PRODUCT_NAME = "$(TARGET_NAME)";
				SWIFT_VERSION = 4.0;
				TARGETED_DEVICE_FAMILY = "1,2";
			};
			name = Debug;
		};
		A077779C21A0ADE700FFB898 /* Release */ = {
			isa = XCBuildConfiguration;
			buildSettings = {
				ASSETCATALOG_COMPILER_APPICON_NAME = AppIcon;
				CODE_SIGN_STYLE = Automatic;
				DEVELOPMENT_TEAM = FZZ43897VS;
				INFOPLIST_FILE = "parking-test-http/Info.plist";
				LD_RUNPATH_SEARCH_PATHS = (
					"$(inherited)",
					"@executable_path/Frameworks",
				);
				PRODUCT_BUNDLE_IDENTIFIER = "com.siswadi.parking-test-http";
				PRODUCT_NAME = "$(TARGET_NAME)";
				SWIFT_VERSION = 4.0;
				TARGETED_DEVICE_FAMILY = "1,2";
			};
			name = Release;
		};
/* End XCBuildConfiguration section */

/* Begin XCConfigurationList section */
		A077778321A0ADE600FFB898 /* Build configuration list for PBXProject "parking-test-http" */ = {
			isa = XCConfigurationList;
			buildConfigurations = (
				A077779821A0ADE700FFB898 /* Debug */,
				A077779921A0ADE700FFB898 /* Release */,
			);
			defaultConfigurationIsVisible = 0;
			defaultConfigurationName = Release;
		};
		A077779A21A0ADE700FFB898 /* Build configuration list for PBXNativeTarget "parking-test-http" */ = {
			isa = XCConfigurationList;
			buildConfigurations = (
				A077779B21A0ADE700FFB898 /* Debug */,
				A077779C21A0ADE700FFB898 /* Release */,
			);
			defaultConfigurationIsVisible = 0;
			defaultConfigurationName = Release;
		};
/* End XCConfigurationList section */
	};
	rootObject = A077778021A0ADE600FFB898 /* Project object */;
}
